{
  "version": 4,
  "terraform_version": "1.12.2",
  "serial": 39,
  "lineage": "eab3e0a9-a7e8-ce91-b35b-abaaa3681e29",
  "outputs": {
    "instance_ip": {
      "value": "34.122.184.140",
      "type": "string"
    }
  },
  "resources": [
    {
      "mode": "managed",
      "type": "google_compute_firewall",
      "name": "allow_http_8000",
      "provider": "provider[\"registry.terraform.io/hashicorp/google\"]",
      "instances": [
        {
          "schema_version": 1,
          "attributes": {
            "allow": [
              {
                "ports": [
                  "8000"
                ],
                "protocol": "tcp"
              }
            ],
            "creation_timestamp": "2025-08-06T11:08:09.080-07:00",
            "deny": [],
            "description": "",
            "destination_ranges": [],
            "direction": "INGRESS",
            "disabled": false,
            "enable_logging": null,
            "id": "projects/hpe-managed-services/global/firewalls/allow-kalaasetu-http-8000",
            "log_config": [],
            "name": "allow-kalaasetu-http-8000",
            "network": "https://www.googleapis.com/compute/v1/projects/hpe-managed-services/global/networks/default",
            "params": [],
            "priority": 1000,
            "project": "hpe-managed-services",
            "self_link": "https://www.googleapis.com/compute/v1/projects/hpe-managed-services/global/firewalls/allow-kalaasetu-http-8000",
            "source_ranges": [
              "0.0.0.0/0"
            ],
            "source_service_accounts": null,
            "source_tags": null,
            "target_service_accounts": null,
            "target_tags": [
              "http-server"
            ],
            "timeouts": null
          },
          "sensitive_attributes": [],
          "identity_schema_version": 0,
          "private": "eyJlMmJmYjczMC1lY2FhLTExZTYtOGY4OC0zNDM2M2JjN2M0YzAiOnsiY3JlYXRlIjoxMjAwMDAwMDAwMDAwLCJkZWxldGUiOjEyMDAwMDAwMDAwMDAsInVwZGF0ZSI6MTIwMDAwMDAwMDAwMH0sInNjaGVtYV92ZXJzaW9uIjoiMSJ9"
        }
      ]
    },
    {
      "mode": "managed",
      "type": "google_compute_firewall",
      "name": "allow_ssh",
      "provider": "provider[\"registry.terraform.io/hashicorp/google\"]",
      "instances": [
        {
          "schema_version": 1,
          "attributes": {
            "allow": [
              {
                "ports": [
                  "22"
                ],
                "protocol": "tcp"
              }
            ],
            "creation_timestamp": "2025-08-06T11:08:08.927-07:00",
            "deny": [],
            "description": "",
            "destination_ranges": [],
            "direction": "INGRESS",
            "disabled": false,
            "enable_logging": null,
            "id": "projects/hpe-managed-services/global/firewalls/allow-kalaasetu-ssh",
            "log_config": [],
            "name": "allow-kalaasetu-ssh",
            "network": "https://www.googleapis.com/compute/v1/projects/hpe-managed-services/global/networks/default",
            "params": [],
            "priority": 1000,
            "project": "hpe-managed-services",
            "self_link": "https://www.googleapis.com/compute/v1/projects/hpe-managed-services/global/firewalls/allow-kalaasetu-ssh",
            "source_ranges": [
              "0.0.0.0/0"
            ],
            "source_service_accounts": null,
            "source_tags": null,
            "target_service_accounts": null,
            "target_tags": [
              "ssh-server"
            ],
            "timeouts": null
          },
          "sensitive_attributes": [],
          "identity_schema_version": 0,
          "private": "eyJlMmJmYjczMC1lY2FhLTExZTYtOGY4OC0zNDM2M2JjN2M0YzAiOnsiY3JlYXRlIjoxMjAwMDAwMDAwMDAwLCJkZWxldGUiOjEyMDAwMDAwMDAwMDAsInVwZGF0ZSI6MTIwMDAwMDAwMDAwMH0sInNjaGVtYV92ZXJzaW9uIjoiMSJ9"
        }
      ]
    },
    {
      "mode": "managed",
      "type": "google_compute_instance",
      "name": "kalaasetu_vm",
      "provider": "provider[\"registry.terraform.io/hashicorp/google\"]",
      "instances": [
        {
          "schema_version": 6,
          "attributes": {
            "advanced_machine_features": [],
            "allow_stopping_for_update": null,
            "attached_disk": [],
            "boot_disk": [
              {
                "auto_delete": true,
                "device_name": "persistent-disk-0",
                "disk_encryption_key_raw": "",
                "disk_encryption_key_rsa": "",
                "disk_encryption_key_sha256": "",
                "disk_encryption_service_account": "",
                "force_attach": false,
                "guest_os_features": [
                  "VIRTIO_SCSI_MULTIQUEUE",
                  "UEFI_COMPATIBLE",
                  "GVNIC"
                ],
                "initialize_params": [
                  {
                    "architecture": "",
                    "enable_confidential_compute": false,
                    "image": "https://www.googleapis.com/compute/v1/projects/deeplearning-platform-release/global/images/common-cu128-ubuntu-2204-nvidia-570-v20250728",
                    "labels": {},
                    "provisioned_iops": 0,
                    "provisioned_throughput": 0,
                    "resource_manager_tags": null,
                    "resource_policies": [],
                    "size": 150,
                    "snapshot": "",
                    "source_image_encryption_key": [],
                    "source_snapshot_encryption_key": [],
                    "storage_pool": "",
                    "type": "pd-standard"
                  }
                ],
                "interface": "",
                "kms_key_self_link": "",
                "mode": "READ_WRITE",
                "source": "https://www.googleapis.com/compute/v1/projects/hpe-managed-services/zones/us-central1-a/disks/kalaasetu-demo-vm"
              }
            ],
            "can_ip_forward": false,
            "confidential_instance_config": [],
            "cpu_platform": "Intel Haswell",
            "creation_timestamp": "2025-08-06T11:08:10.760-07:00",
            "current_status": "RUNNING",
            "deletion_protection": false,
            "description": "",
            "desired_status": null,
            "effective_labels": {
              "goog-terraform-provisioned": "true"
            },
            "enable_display": false,
            "guest_accelerator": [
              {
                "count": 1,
                "type": "https://www.googleapis.com/compute/v1/projects/hpe-managed-services/zones/us-central1-a/acceleratorTypes/nvidia-tesla-t4"
              }
            ],
            "hostname": "",
            "id": "projects/hpe-managed-services/zones/us-central1-a/instances/kalaasetu-demo-vm",
            "instance_encryption_key": [],
            "instance_id": "7109396459740341477",
            "key_revocation_action_type": "",
            "label_fingerprint": "vezUS-42LLM=",
            "labels": null,
            "machine_type": "n1-standard-4",
            "metadata": null,
            "metadata_fingerprint": "YjBOsjoF0Bc=",
            "metadata_startup_script": "#!/bin/bash\nset -e # Exit immediately if a command exits with a non-zero status.\n\necho \"--- Starting Kalaa-Setu VM Setup ---\"\n\n# 1. Update system and install basic dependencies\nsudo apt-get update\nsudo apt-get install -y git docker.io docker-compose\n\n# 2. Configure Docker to be used without sudo\n# The default user on GCP's Ubuntu images is 'ubuntu'\nsudo usermod -aG docker ubuntu\necho \"Docker configured for non-sudo access.\"\n\n# 3. Install NVIDIA Container Toolkit for GPU access in Docker\n# This allows Docker containers to see and use the NVIDIA GPU\necho \"Installing NVIDIA Container Toolkit...\"\ndistribution=$(. /etc/os-release;echo $ID$VERSION_ID)\ncurl -s -L https://nvidia.github.io/nvidia-docker/gpgkey | sudo apt-key add -\ncurl -s -L https://nvidia.github.io/nvidia-docker/$distribution/nvidia-docker.list | sudo tee /etc/apt/sources.list.d/nvidia-docker.list\nsudo apt-get update\nsudo apt-get install -y nvidia-container-toolkit\nsudo systemctl restart docker\necho \"NVIDIA Container Toolkit installed and Docker restarted.\"\n\n# 4. Clone the application repository\necho \"Cloning the Kalaa-Setu repository...\"\ncd ~\ngit clone https://github.com/sds-ajoshi/kalaasetu-mvc.git\ncd kalaasetu-mvc\n\n# 5. Launch the application using Docker Compose\necho \"Starting the application with Docker Compose...\"\n# Use the 'ubuntu' user to run docker-compose\n# The '-d' flag runs the containers in detached mode\nsudo docker-compose up -d --build\n\necho \"--- Kalaa-Setu Setup Complete. Application is starting. ---\"",
            "min_cpu_platform": "",
            "name": "kalaasetu-demo-vm",
            "network_interface": [
              {
                "access_config": [
                  {
                    "nat_ip": "34.122.184.140",
                    "network_tier": "PREMIUM",
                    "public_ptr_domain_name": ""
                  }
                ],
                "alias_ip_range": [],
                "internal_ipv6_prefix_length": 0,
                "ipv6_access_config": [],
                "ipv6_access_type": "",
                "ipv6_address": "",
                "name": "nic0",
                "network": "https://www.googleapis.com/compute/v1/projects/hpe-managed-services/global/networks/default",
                "network_attachment": "",
                "network_ip": "10.128.0.26",
                "nic_type": "",
                "queue_count": 0,
                "stack_type": "IPV4_ONLY",
                "subnetwork": "https://www.googleapis.com/compute/v1/projects/hpe-managed-services/regions/us-central1/subnetworks/default",
                "subnetwork_project": "hpe-managed-services"
              }
            ],
            "network_performance_config": [],
            "params": [],
            "project": "hpe-managed-services",
            "reservation_affinity": [],
            "resource_policies": null,
            "scheduling": [
              {
                "automatic_restart": true,
                "availability_domain": 0,
                "instance_termination_action": "",
                "local_ssd_recovery_timeout": [],
                "max_run_duration": [],
                "min_node_cpus": 0,
                "node_affinities": [],
                "on_host_maintenance": "TERMINATE",
                "on_instance_stop_action": [],
                "preemptible": false,
                "provisioning_model": "STANDARD",
                "termination_time": ""
              }
            ],
            "scratch_disk": [],
            "self_link": "https://www.googleapis.com/compute/v1/projects/hpe-managed-services/zones/us-central1-a/instances/kalaasetu-demo-vm",
            "service_account": [
              {
                "email": "911513724271-compute@developer.gserviceaccount.com",
                "scopes": [
                  "https://www.googleapis.com/auth/cloud-platform"
                ]
              }
            ],
            "shielded_instance_config": [
              {
                "enable_integrity_monitoring": true,
                "enable_secure_boot": false,
                "enable_vtpm": true
              }
            ],
            "tags": [
              "http-server",
              "ssh-server"
            ],
            "tags_fingerprint": "3eL4F_0TT2s=",
            "terraform_labels": {
              "goog-terraform-provisioned": "true"
            },
            "timeouts": null,
            "zone": "us-central1-a"
          },
          "sensitive_attributes": [
            [
              {
                "type": "get_attr",
                "value": "boot_disk"
              },
              {
                "type": "index",
                "value": {
                  "value": 0,
                  "type": "number"
                }
              },
              {
                "type": "get_attr",
                "value": "disk_encryption_key_raw"
              }
            ],
            [
              {
                "type": "get_attr",
                "value": "boot_disk"
              },
              {
                "type": "index",
                "value": {
                  "value": 0,
                  "type": "number"
                }
              },
              {
                "type": "get_attr",
                "value": "disk_encryption_key_rsa"
              }
            ]
          ],
          "identity_schema_version": 0,
          "private": "eyJlMmJmYjczMC1lY2FhLTExZTYtOGY4OC0zNDM2M2JjN2M0YzAiOnsiY3JlYXRlIjoxMjAwMDAwMDAwMDAwLCJkZWxldGUiOjEyMDAwMDAwMDAwMDAsInVwZGF0ZSI6MTIwMDAwMDAwMDAwMH0sInNjaGVtYV92ZXJzaW9uIjoiNiJ9"
        }
      ]
    }
  ],
  "check_results": null
}
